lockfileVersion: 5.3

specifiers:
  '@types/node': ^15.3.0
  typescript: ^4.2.4

devDependencies:
  '@types/node': 15.3.0
  typescript: 4.2.4

packages:

  /@types/node/15.3.0:
    resolution: {integrity: sha512-8/bnjSZD86ZfpBsDlCIkNXIvm+h6wi9g7IqL+kmFkQ+Wvu3JrasgLElfiPgoo8V8vVfnEi0QVS12gbl94h9YsQ==}
    dev: true

  /typescript/4.2.4:
    resolution: {integrity: sha512-V+evlYHZnQkaz8TRBuxTA92yZBPotr5H+WhQ7bD3hZUndx5tGOa1fuCgeSjxAzM1RiN5IzvadIXTVefuuwZCRg==}
    engines: {node: '>=4.2.0'}
    hasBin: true
    dev: true
